
Microsoft Visual Studio Solution File, Format Version 12.00
# Visual Studio Version 17
VisualStudioVersion = 17.0.32112.339
MinimumVisualStudioVersion = 10.0.40219.1
Project("{888888A0-9F3D-457C-B088-3A5042F75D52}") = "NM Project", "NM Project.pyproj", "{54F54071-7596-4575-9C5A-9190C3681052}"
EndProject
Global
	GlobalSection(SolutionConfigurationPlatforms) = preSolution
		Debug|Any CPU = Debug|Any CPU
		Release|Any CPU = Release|Any CPU
	EndGlobalSection
	GlobalSection(ProjectConfigurationPlatforms) = postSolution
		{54F54071-7596-4575-9C5A-9190C3681052}.Debug|Any CPU.ActiveCfg = Debug|Any CPU
		{54F54071-7596-4575-9C5A-9190C3681052}.Release|Any CPU.ActiveCfg = Release|Any CPU
	EndGlobalSection
	GlobalSection(SolutionProperties) = preSolution
		HideSolutionNode = FALSE
	EndGlobalSection
	GlobalSection(ExtensibilityGlobals) = postSolution
		SolutionGuid = {4848B81F-78E9-45E0-AAD4-6C4BA297E41A}
	EndGlobalSection
EndGlobal
